
Microsoft Visual Studio Solution File, Format Version 12.00
# Visual Studio Version 17
VisualStudioVersion = 17.9.34728.123
MinimumVisualStudioVersion = 10.0.40219.1
Project("{FAE04EC0-301F-11D3-BF4B-00C04F79EFBC}") = "Atividade5", "Atividade5.csproj", "{1C309E59-9F0D-4344-84F4-023B565DFDD0}"
EndProject
Global
	GlobalSection(SolutionConfigurationPlatforms) = preSolution
		Debug|Any CPU = Debug|Any CPU
		Release|Any CPU = Release|Any CPU
	EndGlobalSection
	GlobalSection(ProjectConfigurationPlatforms) = postSolution
		{1C309E59-9F0D-4344-84F4-023B565DFDD0}.Debug|Any CPU.ActiveCfg = Debug|Any CPU
		{1C309E59-9F0D-4344-84F4-023B565DFDD0}.Debug|Any CPU.Build.0 = Debug|Any CPU
		{1C309E59-9F0D-4344-84F4-023B565DFDD0}.Release|Any CPU.ActiveCfg = Release|Any CPU
		{1C309E59-9F0D-4344-84F4-023B565DFDD0}.Release|Any CPU.Build.0 = Release|Any CPU
	EndGlobalSection
	GlobalSection(SolutionProperties) = preSolution
		HideSolutionNode = FALSE
	EndGlobalSection
	GlobalSection(ExtensibilityGlobals) = postSolution
		SolutionGuid = {118FDC9F-5F63-4285-9056-334284BE6655}
	EndGlobalSection
EndGlobal
